
Microsoft Visual Studio Solution File, Format Version 12.00
# Visual Studio Version 17
VisualStudioVersion = 17.1.32407.343
MinimumVisualStudioVersion = 10.0.40219.1
Project("{9A19103F-16F7-4668-BE54-9A1E7A4F7556}") = "Publisher", "PubSub\Publisher.csproj", "{7959C1E9-B66A-4B13-8B94-77D7A23EBFAD}"
EndProject
Project("{9A19103F-16F7-4668-BE54-9A1E7A4F7556}") = "PubSubLib", "PubSubLib\PubSubLib.csproj", "{BFE1F7D4-D89A-41E5-AE70-5E897020AF13}"
EndProject
Project("{9A19103F-16F7-4668-BE54-9A1E7A4F7556}") = "Server", "Server\Server.csproj", "{B61FA7BA-DCFA-4A1A-982B-3375F4A26BD9}"
EndProject
Project("{9A19103F-16F7-4668-BE54-9A1E7A4F7556}") = "Subscriber", "Subscriber\Subscriber.csproj", "{C0A34FBB-2875-4741-9324-AB78B976D725}"
EndProject
Project("{2150E333-8FDC-42A3-9474-1A3956D46DE8}") = "Solution Items", "Solution Items", "{2D13995F-49A5-4A2A-B342-271D2294AF69}"
	ProjectSection(SolutionItems) = preProject
		subscriber1.cmd = subscriber1.cmd
	EndProjectSection
EndProject
Global
	GlobalSection(SolutionConfigurationPlatforms) = preSolution
		Debug|Any CPU = Debug|Any CPU
		Release|Any CPU = Release|Any CPU
	EndGlobalSection
	GlobalSection(ProjectConfigurationPlatforms) = postSolution
		{7959C1E9-B66A-4B13-8B94-77D7A23EBFAD}.Debug|Any CPU.ActiveCfg = Debug|Any CPU
		{7959C1E9-B66A-4B13-8B94-77D7A23EBFAD}.Debug|Any CPU.Build.0 = Debug|Any CPU
		{7959C1E9-B66A-4B13-8B94-77D7A23EBFAD}.Release|Any CPU.ActiveCfg = Release|Any CPU
		{7959C1E9-B66A-4B13-8B94-77D7A23EBFAD}.Release|Any CPU.Build.0 = Release|Any CPU
		{BFE1F7D4-D89A-41E5-AE70-5E897020AF13}.Debug|Any CPU.ActiveCfg = Debug|Any CPU
		{BFE1F7D4-D89A-41E5-AE70-5E897020AF13}.Debug|Any CPU.Build.0 = Debug|Any CPU
		{BFE1F7D4-D89A-41E5-AE70-5E897020AF13}.Release|Any CPU.ActiveCfg = Release|Any CPU
		{BFE1F7D4-D89A-41E5-AE70-5E897020AF13}.Release|Any CPU.Build.0 = Release|Any CPU
		{B61FA7BA-DCFA-4A1A-982B-3375F4A26BD9}.Debug|Any CPU.ActiveCfg = Debug|Any CPU
		{B61FA7BA-DCFA-4A1A-982B-3375F4A26BD9}.Debug|Any CPU.Build.0 = Debug|Any CPU
		{B61FA7BA-DCFA-4A1A-982B-3375F4A26BD9}.Release|Any CPU.ActiveCfg = Release|Any CPU
		{B61FA7BA-DCFA-4A1A-982B-3375F4A26BD9}.Release|Any CPU.Build.0 = Release|Any CPU
		{C0A34FBB-2875-4741-9324-AB78B976D725}.Debug|Any CPU.ActiveCfg = Debug|Any CPU
		{C0A34FBB-2875-4741-9324-AB78B976D725}.Debug|Any CPU.Build.0 = Debug|Any CPU
		{C0A34FBB-2875-4741-9324-AB78B976D725}.Release|Any CPU.ActiveCfg = Release|Any CPU
		{C0A34FBB-2875-4741-9324-AB78B976D725}.Release|Any CPU.Build.0 = Release|Any CPU
	EndGlobalSection
	GlobalSection(SolutionProperties) = preSolution
		HideSolutionNode = FALSE
	EndGlobalSection
	GlobalSection(ExtensibilityGlobals) = postSolution
		SolutionGuid = {58641D57-4468-451C-93B2-0C9D87517B34}
	EndGlobalSection
EndGlobal
